// !$*UTF8*$!
{
	archiveVersion = 1;
	classes = {
	};
	objectVersion = 50;
	objects = {

/* Begin PBXBuildFile section */
		82C0E01C297F83EB0068D694 /* CSE335Lab1Part2App.swift in Sources */ = {isa = PBXBuildFile; fileRef = 82C0E01B297F83EB0068D694 /* CSE335Lab1Part2App.swift */; };
		82C0E01E297F83EB0068D694 /* ContentView.swift in Sources */ = {isa = PBXBuildFile; fileRef = 82C0E01D297F83EB0068D694 /* ContentView.swift */; };
		82C0E020297F83EC0068D694 /* Assets.xcassets in Resources */ = {isa = PBXBuildFile; fileRef = 82C0E01F297F83EC0068D694 /* Assets.xcassets */; };
		82C0E023297F83EC0068D694 /* Preview Assets.xcassets in Resources */ = {isa = PBXBuildFile; fileRef = 82C0E022297F83EC0068D694 /* Preview Assets.xcassets */; };
		82C0E02E297F83EC0068D694 /* CSE335Lab1Part2Tests.swift in Sources */ = {isa = PBXBuildFile; fileRef = 82C0E02D297F83EC0068D694 /* CSE335Lab1Part2Tests.swift */; };
		82C0E039297F83EC0068D694 /* CSE335Lab1Part2UITests.swift in Sources */ = {isa = PBXBuildFile; fileRef = 82C0E038297F83EC0068D694 /* CSE335Lab1Part2UITests.swift */; };
/* End PBXBuildFile section */

/* Begin PBXContainerItemProxy section */
		82C0E02A297F83EC0068D694 /* PBXContainerItemProxy */ = {
			isa = PBXContainerItemProxy;
			containerPortal = 82C0E010297F83EB0068D694 /* Project object */;
			proxyType = 1;
			remoteGlobalIDString = 82C0E017297F83EB0068D694;
			remoteInfo = CSE335Lab1Part2;
		};
		82C0E035297F83EC0068D694 /* PBXContainerItemProxy */ = {
			isa = PBXContainerItemProxy;
			containerPortal = 82C0E010297F83EB0068D694 /* Project object */;
			proxyType = 1;
			remoteGlobalIDString = 82C0E017297F83EB0068D694;
			remoteInfo = CSE335Lab1Part2;
		};
/* End PBXContainerItemProxy section */

/* Begin PBXFileReference section */
		82C0E018297F83EB0068D694 /* CSE335Lab1Part2.app */ = {isa = PBXFileReference; explicitFileType = wrapper.application; includeInIndex = 0; path = CSE335Lab1Part2.app; sourceTree = BUILT_PRODUCTS_DIR; };
		82C0E01B297F83EB0068D694 /* CSE335Lab1Part2App.swift */ = {isa = PBXFileReference; lastKnownFileType = sourcecode.swift; path = CSE335Lab1Part2App.swift; sourceTree = "<group>"; };
		82C0E01D297F83EB0068D694 /* ContentView.swift */ = {isa = PBXFileReference; lastKnownFileType = sourcecode.swift; path = ContentView.swift; sourceTree = "<group>"; };
		82C0E01F297F83EC0068D694 /* Assets.xcassets */ = {isa = PBXFileReference; lastKnownFileType = folder.assetcatalog; path = Assets.xcassets; sourceTree = "<group>"; };
		82C0E022297F83EC0068D694 /* Preview Assets.xcassets */ = {isa = PBXFileReference; lastKnownFileType = folder.assetcatalog; path = "Preview Assets.xcassets"; sourceTree = "<group>"; };
		82C0E024297F83EC0068D694 /* Info.plist */ = {isa = PBXFileReference; lastKnownFileType = text.plist.xml; path = Info.plist; sourceTree = "<group>"; };
		82C0E029297F83EC0068D694 /* CSE335Lab1Part2Tests.xctest */ = {isa = PBXFileReference; explicitFileType = wrapper.cfbundle; includeInIndex = 0; path = CSE335Lab1Part2Tests.xctest; sourceTree = BUILT_PRODUCTS_DIR; };
		82C0E02D297F83EC0068D694 /* CSE335Lab1Part2Tests.swift */ = {isa = PBXFileReference; lastKnownFileType = sourcecode.swift; path = CSE335Lab1Part2Tests.swift; sourceTree = "<group>"; };
		82C0E02F297F83EC0068D694 /* Info.plist */ = {isa = PBXFileReference; lastKnownFileType = text.plist.xml; path = Info.plist; sourceTree = "<group>"; };
		82C0E034297F83EC0068D694 /* CSE335Lab1Part2UITests.xctest */ = {isa = PBXFileReference; explicitFileType = wrapper.cfbundle; includeInIndex = 0; path = CSE335Lab1Part2UITests.xctest; sourceTree = BUILT_PRODUCTS_DIR; };
		82C0E038297F83EC0068D694 /* CSE335Lab1Part2UITests.swift */ = {isa = PBXFileReference; lastKnownFileType = sourcecode.swift; path = CSE335Lab1Part2UITests.swift; sourceTree = "<group>"; };
		82C0E03A297F83EC0068D694 /* Info.plist */ = {isa = PBXFileReference; lastKnownFileType = text.plist.xml; path = Info.plist; sourceTree = "<group>"; };
/* End PBXFileReference section */

/* Begin PBXFrameworksBuildPhase section */
		82C0E015297F83EB0068D694 /* Frameworks */ = {
			isa = PBXFrameworksBuildPhase;
			buildActionMask = 2147483647;
			files = (
			);
			runOnlyForDeploymentPostprocessing = 0;
		};
		82C0E026297F83EC0068D694 /* Frameworks */ = {
			isa = PBXFrameworksBuildPhase;
			buildActionMask = 2147483647;
			files = (
			);
			runOnlyForDeploymentPostprocessing = 0;
		};
		82C0E031297F83EC0068D694 /* Frameworks */ = {
			isa = PBXFrameworksBuildPhase;
			buildActionMask = 2147483647;
			files = (
			);
			runOnlyForDeploymentPostprocessing = 0;
		};
/* End PBXFrameworksBuildPhase section */

/* Begin PBXGroup section */
		82C0E00F297F83EB0068D694 = {
			isa = PBXGroup;
			children = (
				82C0E01A297F83EB0068D694 /* CSE335Lab1Part2 */,
				82C0E02C297F83EC0068D694 /* CSE335Lab1Part2Tests */,
				82C0E037297F83EC0068D694 /* CSE335Lab1Part2UITests */,
				82C0E019297F83EB0068D694 /* Products */,
			);
			sourceTree = "<group>";
		};
		82C0E019297F83EB0068D694 /* Products */ = {
			isa = PBXGroup;
			children = (
				82C0E018297F83EB0068D694 /* CSE335Lab1Part2.app */,
				82C0E029297F83EC0068D694 /* CSE335Lab1Part2Tests.xctest */,
				82C0E034297F83EC0068D694 /* CSE335Lab1Part2UITests.xctest */,
			);
			name = Products;
			sourceTree = "<group>";
		};
		82C0E01A297F83EB0068D694 /* CSE335Lab1Part2 */ = {
			isa = PBXGroup;
			children = (
				82C0E01B297F83EB0068D694 /* CSE335Lab1Part2App.swift */,
				82C0E01D297F83EB0068D694 /* ContentView.swift */,
				82C0E01F297F83EC0068D694 /* Assets.xcassets */,
				82C0E024297F83EC0068D694 /* Info.plist */,
				82C0E021297F83EC0068D694 /* Preview Content */,
			);
			path = CSE335Lab1Part2;
			sourceTree = "<group>";
		};
		82C0E021297F83EC0068D694 /* Preview Content */ = {
			isa = PBXGroup;
			children = (
				82C0E022297F83EC0068D694 /* Preview Assets.xcassets */,
			);
			path = "Preview Content";
			sourceTree = "<group>";
		};
		82C0E02C297F83EC0068D694 /* CSE335Lab1Part2Tests */ = {
			isa = PBXGroup;
			children = (
				82C0E02D297F83EC0068D694 /* CSE335Lab1Part2Tests.swift */,
				82C0E02F297F83EC0068D694 /* Info.plist */,
			);
			path = CSE335Lab1Part2Tests;
			sourceTree = "<group>";
		};
		82C0E037297F83EC0068D694 /* CSE335Lab1Part2UITests */ = {
			isa = PBXGroup;
			children = (
				82C0E038297F83EC0068D694 /* CSE335Lab1Part2UITests.swift */,
				82C0E03A297F83EC0068D694 /* Info.plist */,
			);
			path = CSE335Lab1Part2UITests;
			sourceTree = "<group>";
		};
/* End PBXGroup section */

/* Begin PBXNativeTarget section */
		82C0E017297F83EB0068D694 /* CSE335Lab1Part2 */ = {
			isa = PBXNativeTarget;
			buildConfigurationList = 82C0E03D297F83EC0068D694 /* Build configuration list for PBXNativeTarget "CSE335Lab1Part2" */;
			buildPhases = (
				82C0E014297F83EB0068D694 /* Sources */,
				82C0E015297F83EB0068D694 /* Frameworks */,
				82C0E016297F83EB0068D694 /* Resources */,
			);
			buildRules = (
			);
			dependencies = (
			);
			name = CSE335Lab1Part2;
			productName = CSE335Lab1Part2;
			productReference = 82C0E018297F83EB0068D694 /* CSE335Lab1Part2.app */;
			productType = "com.apple.product-type.application";
		};
		82C0E028297F83EC0068D694 /* CSE335Lab1Part2Tests */ = {
			isa = PBXNativeTarget;
			buildConfigurationList = 82C0E040297F83EC0068D694 /* Build configuration list for PBXNativeTarget "CSE335Lab1Part2Tests" */;
			buildPhases = (
				82C0E025297F83EC0068D694 /* Sources */,
				82C0E026297F83EC0068D694 /* Frameworks */,
				82C0E027297F83EC0068D694 /* Resources */,
			);
			buildRules = (
			);
			dependencies = (
				82C0E02B297F83EC0068D694 /* PBXTargetDependency */,
			);
			name = CSE335Lab1Part2Tests;
			productName = CSE335Lab1Part2Tests;
			productReference = 82C0E029297F83EC0068D694 /* CSE335Lab1Part2Tests.xctest */;
			productType = "com.apple.product-type.bundle.unit-test";
		};
		82C0E033297F83EC0068D694 /* CSE335Lab1Part2UITests */ = {
			isa = PBXNativeTarget;
			buildConfigurationList = 82C0E043297F83EC0068D694 /* Build configuration list for PBXNativeTarget "CSE335Lab1Part2UITests" */;
			buildPhases = (
				82C0E030297F83EC0068D694 /* Sources */,
				82C0E031297F83EC0068D694 /* Frameworks */,
				82C0E032297F83EC0068D694 /* Resources */,
			);
			buildRules = (
			);
			dependencies = (
				82C0E036297F83EC0068D694 /* PBXTargetDependency */,
			);
			name = CSE335Lab1Part2UITests;
			productName = CSE335Lab1Part2UITests;
			productReference = 82C0E034297F83EC0068D694 /* CSE335Lab1Part2UITests.xctest */;
			productType = "com.apple.product-type.bundle.ui-testing";
		};
/* End PBXNativeTarget section */

/* Begin PBXProject section */
		82C0E010297F83EB0068D694 /* Project object */ = {
			isa = PBXProject;
			attributes = {
				LastSwiftUpdateCheck = 1250;
				LastUpgradeCheck = 1250;
				TargetAttributes = {
					82C0E017297F83EB0068D694 = {
						CreatedOnToolsVersion = 12.5.1;
					};
					82C0E028297F83EC0068D694 = {
						CreatedOnToolsVersion = 12.5.1;
						TestTargetID = 82C0E017297F83EB0068D694;
					};
					82C0E033297F83EC0068D694 = {
						CreatedOnToolsVersion = 12.5.1;
						TestTargetID = 82C0E017297F83EB0068D694;
					};
				};
			};
			buildConfigurationList = 82C0E013297F83EB0068D694 /* Build configuration list for PBXProject "CSE335Lab1Part2" */;
			compatibilityVersion = "Xcode 9.3";
			developmentRegion = en;
			hasScannedForEncodings = 0;
			knownRegions = (
				en,
				Base,
			);
			mainGroup = 82C0E00F297F83EB0068D694;
			productRefGroup = 82C0E019297F83EB0068D694 /* Products */;
			projectDirPath = "";
			projectRoot = "";
			targets = (
				82C0E017297F83EB0068D694 /* CSE335Lab1Part2 */,
				82C0E028297F83EC0068D694 /* CSE335Lab1Part2Tests */,
				82C0E033297F83EC0068D694 /* CSE335Lab1Part2UITests */,
			);
		};
/* End PBXProject section */

/* Begin PBXResourcesBuildPhase section */
		82C0E016297F83EB0068D694 /* Resources */ = {
			isa = PBXResourcesBuildPhase;
			buildActionMask = 2147483647;
			files = (
				82C0E023297F83EC0068D694 /* Preview Assets.xcassets in Resources */,
				82C0E020297F83EC0068D694 /* Assets.xcassets in Resources */,
			);
			runOnlyForDeploymentPostprocessing = 0;
		};
		82C0E027297F83EC0068D694 /* Resources */ = {
			isa = PBXResourcesBuildPhase;
			buildActionMask = 2147483647;
			files = (
			);
			runOnlyForDeploymentPostprocessing = 0;
		};
		82C0E032297F83EC0068D694 /* Resources */ = {
			isa = PBXResourcesBuildPhase;
			buildActionMask = 2147483647;
			files = (
			);
			runOnlyForDeploymentPostprocessing = 0;
		};
/* End PBXResourcesBuildPhase section */

/* Begin PBXSourcesBuildPhase section */
		82C0E014297F83EB0068D694 /* Sources */ = {
			isa = PBXSourcesBuildPhase;
			buildActionMask = 2147483647;
			files = (
				82C0E01E297F83EB0068D694 /* ContentView.swift in Sources */,
				82C0E01C297F83EB0068D694 /* CSE335Lab1Part2App.swift in Sources */,
			);
			runOnlyForDeploymentPostprocessing = 0;
		};
		82C0E025297F83EC0068D694 /* Sources */ = {
			isa = PBXSourcesBuildPhase;
			buildActionMask = 2147483647;
			files = (
				82C0E02E297F83EC0068D694 /* CSE335Lab1Part2Tests.swift in Sources */,
			);
			runOnlyForDeploymentPostprocessing = 0;
		};
		82C0E030297F83EC0068D694 /* Sources */ = {
			isa = PBXSourcesBuildPhase;
			buildActionMask = 2147483647;
			files = (
				82C0E039297F83EC0068D694 /* CSE335Lab1Part2UITests.swift in Sources */,
			);
			runOnlyForDeploymentPostprocessing = 0;
		};
/* End PBXSourcesBuildPhase section */

/* Begin PBXTargetDependency section */
		82C0E02B297F83EC0068D694 /* PBXTargetDependency */ = {
			isa = PBXTargetDependency;
			target = 82C0E017297F83EB0068D694 /* CSE335Lab1Part2 */;
			targetProxy = 82C0E02A297F83EC0068D694 /* PBXContainerItemProxy */;
		};
		82C0E036297F83EC0068D694 /* PBXTargetDependency */ = {
			isa = PBXTargetDependency;
			target = 82C0E017297F83EB0068D694 /* CSE335Lab1Part2 */;
			targetProxy = 82C0E035297F83EC0068D694 /* PBXContainerItemProxy */;
		};
/* End PBXTargetDependency section */

/* Begin XCBuildConfiguration section */
		82C0E03B297F83EC0068D694 /* Debug */ = {
			isa = XCBuildConfiguration;
			buildSettings = {
				ALWAYS_SEARCH_USER_PATHS = NO;
				CLANG_ANALYZER_NONNULL = YES;
				CLANG_ANALYZER_NUMBER_OBJECT_CONVERSION = YES_AGGRESSIVE;
				CLANG_CXX_LANGUAGE_STANDARD = "gnu++14";
				CLANG_CXX_LIBRARY = "libc++";
				CLANG_ENABLE_MODULES = YES;
				CLANG_ENABLE_OBJC_ARC = YES;
				CLANG_ENABLE_OBJC_WEAK = YES;
				CLANG_WARN_BLOCK_CAPTURE_AUTORELEASING = YES;
				CLANG_WARN_BOOL_CONVERSION = YES;
				CLANG_WARN_COMMA = YES;
				CLANG_WARN_CONSTANT_CONVERSION = YES;
				CLANG_WARN_DEPRECATED_OBJC_IMPLEMENTATIONS = YES;
				CLANG_WARN_DIRECT_OBJC_ISA_USAGE = YES_ERROR;
				CLANG_WARN_DOCUMENTATION_COMMENTS = YES;
				CLANG_WARN_EMPTY_BODY = YES;
				CLANG_WARN_ENUM_CONVERSION = YES;
				CLANG_WARN_INFINITE_RECURSION = YES;
				CLANG_WARN_INT_CONVERSION = YES;
				CLANG_WARN_NON_LITERAL_NULL_CONVERSION = YES;
				CLANG_WARN_OBJC_IMPLICIT_RETAIN_SELF = YES;
				CLANG_WARN_OBJC_LITERAL_CONVERSION = YES;
				CLANG_WARN_OBJC_ROOT_CLASS = YES_ERROR;
				CLANG_WARN_QUOTED_INCLUDE_IN_FRAMEWORK_HEADER = YES;
				CLANG_WARN_RANGE_LOOP_ANALYSIS = YES;
				CLANG_WARN_STRICT_PROTOTYPES = YES;
				CLANG_WARN_SUSPICIOUS_MOVE = YES;
				CLANG_WARN_UNGUARDED_AVAILABILITY = YES_AGGRESSIVE;
				CLANG_WARN_UNREACHABLE_CODE = YES;
				CLANG_WARN__DUPLICATE_METHOD_MATCH = YES;
				COPY_PHASE_STRIP = NO;
				DEBUG_INFORMATION_FORMAT = dwarf;
				ENABLE_STRICT_OBJC_MSGSEND = YES;
				ENABLE_TESTABILITY = YES;
				GCC_C_LANGUAGE_STANDARD = gnu11;
				GCC_DYNAMIC_NO_PIC = NO;
				GCC_NO_COMMON_BLOCKS = YES;
				GCC_OPTIMIZATION_LEVEL = 0;
				GCC_PREPROCESSOR_DEFINITIONS = (
					"DEBUG=1",
					"$(inherited)",
				);
				GCC_WARN_64_TO_32_BIT_CONVERSION = YES;
				GCC_WARN_ABOUT_RETURN_TYPE = YES_ERROR;
				GCC_WARN_UNDECLARED_SELECTOR = YES;
				GCC_WARN_UNINITIALIZED_AUTOS = YES_AGGRESSIVE;
				GCC_WARN_UNUSED_FUNCTION = YES;
				GCC_WARN_UNUSED_VARIABLE = YES;
				IPHONEOS_DEPLOYMENT_TARGET = 14.5;
				MTL_ENABLE_DEBUG_INFO = INCLUDE_SOURCE;
				MTL_FAST_MATH = YES;
				ONLY_ACTIVE_ARCH = YES;
				SDKROOT = iphoneos;
				SWIFT_ACTIVE_COMPILATION_CONDITIONS = DEBUG;
				SWIFT_OPTIMIZATION_LEVEL = "-Onone";
			};
			name = Debug;
		};
		82C0E03C297F83EC0068D694 /* Release */ = {
			isa = XCBuildConfiguration;
			buildSettings = {
				ALWAYS_SEARCH_USER_PATHS = NO;
				CLANG_ANALYZER_NONNULL = YES;
				CLANG_ANALYZER_NUMBER_OBJECT_CONVERSION = YES_AGGRESSIVE;
				CLANG_CXX_LANGUAGE_STANDARD = "gnu++14";
				CLANG_CXX_LIBRARY = "libc++";
				CLANG_ENABLE_MODULES = YES;
				CLANG_ENABLE_OBJC_ARC = YES;
				CLANG_ENABLE_OBJC_WEAK = YES;
				CLANG_WARN_BLOCK_CAPTURE_AUTORELEASING = YES;
				CLANG_WARN_BOOL_CONVERSION = YES;
				CLANG_WARN_COMMA = YES;
				CLANG_WARN_CONSTANT_CONVERSION = YES;
				CLANG_WARN_DEPRECATED_OBJC_IMPLEMENTATIONS = YES;
				CLANG_WARN_DIRECT_OBJC_ISA_USAGE = YES_ERROR;
				CLANG_WARN_DOCUMENTATION_COMMENTS = YES;
				CLANG_WARN_EMPTY_BODY = YES;
				CLANG_WARN_ENUM_CONVERSION = YES;
				CLANG_WARN_INFINITE_RECURSION = YES;
				CLANG_WARN_INT_CONVERSION = YES;
				CLANG_WARN_NON_LITERAL_NULL_CONVERSION = YES;
				CLANG_WARN_OBJC_IMPLICIT_RETAIN_SELF = YES;
				CLANG_WARN_OBJC_LITERAL_CONVERSION = YES;
				CLANG_WARN_OBJC_ROOT_CLASS = YES_ERROR;
				CLANG_WARN_QUOTED_INCLUDE_IN_FRAMEWORK_HEADER = YES;
				CLANG_WARN_RANGE_LOOP_ANALYSIS = YES;
				CLANG_WARN_STRICT_PROTOTYPES = YES;
				CLANG_WARN_SUSPICIOUS_MOVE = YES;
				CLANG_WARN_UNGUARDED_AVAILABILITY = YES_AGGRESSIVE;
				CLANG_WARN_UNREACHABLE_CODE = YES;
				CLANG_WARN__DUPLICATE_METHOD_MATCH = YES;
				COPY_PHASE_STRIP = NO;
				DEBUG_INFORMATION_FORMAT = "dwarf-with-dsym";
				ENABLE_NS_ASSERTIONS = NO;
				ENABLE_STRICT_OBJC_MSGSEND = YES;
				GCC_C_LANGUAGE_STANDARD = gnu11;
				GCC_NO_COMMON_BLOCKS = YES;
				GCC_WARN_64_TO_32_BIT_CONVERSION = YES;
				GCC_WARN_ABOUT_RETURN_TYPE = YES_ERROR;
				GCC_WARN_UNDECLARED_SELECTOR = YES;
				GCC_WARN_UNINITIALIZED_AUTOS = YES_AGGRESSIVE;
				GCC_WARN_UNUSED_FUNCTION = YES;
				GCC_WARN_UNUSED_VARIABLE = YES;
				IPHONEOS_DEPLOYMENT_TARGET = 14.5;
				MTL_ENABLE_DEBUG_INFO = NO;
				MTL_FAST_MATH = YES;
				SDKROOT = iphoneos;
				SWIFT_COMPILATION_MODE = wholemodule;
				SWIFT_OPTIMIZATION_LEVEL = "-O";
				VALIDATE_PRODUCT = YES;
			};
			name = Release;
		};
		82C0E03E297F83EC0068D694 /* Debug */ = {
			isa = XCBuildConfiguration;
			buildSettings = {
				ASSETCATALOG_COMPILER_APPICON_NAME = AppIcon;
				ASSETCATALOG_COMPILER_GLOBAL_ACCENT_COLOR_NAME = AccentColor;
				CODE_SIGN_STYLE = Automatic;
				DEVELOPMENT_ASSET_PATHS = "\"CSE335Lab1Part2/Preview Content\"";
				ENABLE_PREVIEWS = YES;
				INFOPLIST_FILE = CSE335Lab1Part2/Info.plist;
				IPHONEOS_DEPLOYMENT_TARGET = 14.0;
				LD_RUNPATH_SEARCH_PATHS = (
					"$(inherited)",
					"@executable_path/Frameworks",
				);
				PRODUCT_BUNDLE_IDENTIFIER = "Arjun-Dadhwal-ID-1219733788.CSE335Lab1Part2";
				PRODUCT_NAME = "$(TARGET_NAME)";
				SWIFT_VERSION = 5.0;
				TARGETED_DEVICE_FAMILY = "1,2";
			};
			name = Debug;
		};
		82C0E03F297F83EC0068D694 /* Release */ = {
			isa = XCBuildConfiguration;
			buildSettings = {
				ASSETCATALOG_COMPILER_APPICON_NAME = AppIcon;
				ASSETCATALOG_COMPILER_GLOBAL_ACCENT_COLOR_NAME = AccentColor;
				CODE_SIGN_STYLE = Automatic;
				DEVELOPMENT_ASSET_PATHS = "\"CSE335Lab1Part2/Preview Content\"";
				ENABLE_PREVIEWS = YES;
				INFOPLIST_FILE = CSE335Lab1Part2/Info.plist;
				IPHONEOS_DEPLOYMENT_TARGET = 14.0;
				LD_RUNPATH_SEARCH_PATHS = (
					"$(inherited)",
					"@executable_path/Frameworks",
				);
				PRODUCT_BUNDLE_IDENTIFIER = "Arjun-Dadhwal-ID-1219733788.CSE335Lab1Part2";
				PRODUCT_NAME = "$(TARGET_NAME)";
				SWIFT_VERSION = 5.0;
				TARGETED_DEVICE_FAMILY = "1,2";
			};
			name = Release;
		};
		82C0E041297F83EC0068D694 /* Debug */ = {
			isa = XCBuildConfiguration;
			buildSettings = {
				ALWAYS_EMBED_SWIFT_STANDARD_LIBRARIES = YES;
				BUNDLE_LOADER = "$(TEST_HOST)";
				CODE_SIGN_STYLE = Automatic;
				INFOPLIST_FILE = CSE335Lab1Part2Tests/Info.plist;
				IPHONEOS_DEPLOYMENT_TARGET = 14.0;
				LD_RUNPATH_SEARCH_PATHS = (
					"$(inherited)",
					"@executable_path/Frameworks",
					"@loader_path/Frameworks",
				);
				PRODUCT_BUNDLE_IDENTIFIER = "Arjun-Dadhwal-ID-1219733788.CSE335Lab1Part2Tests";
				PRODUCT_NAME = "$(TARGET_NAME)";
				SWIFT_VERSION = 5.0;
				TARGETED_DEVICE_FAMILY = "1,2";
				TEST_HOST = "$(BUILT_PRODUCTS_DIR)/CSE335Lab1Part2.app/CSE335Lab1Part2";
			};
			name = Debug;
		};
		82C0E042297F83EC0068D694 /* Release */ = {
			isa = XCBuildConfiguration;
			buildSettings = {
				ALWAYS_EMBED_SWIFT_STANDARD_LIBRARIES = YES;
				BUNDLE_LOADER = "$(TEST_HOST)";
				CODE_SIGN_STYLE = Automatic;
				INFOPLIST_FILE = CSE335Lab1Part2Tests/Info.plist;
				IPHONEOS_DEPLOYMENT_TARGET = 14.0;
				LD_RUNPATH_SEARCH_PATHS = (
					"$(inherited)",
					"@executable_path/Frameworks",
					"@loader_path/Frameworks",
				);
				PRODUCT_BUNDLE_IDENTIFIER = "Arjun-Dadhwal-ID-1219733788.CSE335Lab1Part2Tests";
				PRODUCT_NAME = "$(TARGET_NAME)";
				SWIFT_VERSION = 5.0;
				TARGETED_DEVICE_FAMILY = "1,2";
				TEST_HOST = "$(BUILT_PRODUCTS_DIR)/CSE335Lab1Part2.app/CSE335Lab1Part2";
			};
			name = Release;
		};
		82C0E044297F83EC0068D694 /* Debug */ = {
			isa = XCBuildConfiguration;
			buildSettings = {
				ALWAYS_EMBED_SWIFT_STANDARD_LIBRARIES = YES;
				CODE_SIGN_STYLE = Automatic;
				INFOPLIST_FILE = CSE335Lab1Part2UITests/Info.plist;
				LD_RUNPATH_SEARCH_PATHS = (
					"$(inherited)",
					"@executable_path/Frameworks",
					"@loader_path/Frameworks",
				);
				PRODUCT_BUNDLE_IDENTIFIER = "Arjun-Dadhwal-ID-1219733788.CSE335Lab1Part2UITests";
				PRODUCT_NAME = "$(TARGET_NAME)";
				SWIFT_VERSION = 5.0;
				TARGETED_DEVICE_FAMILY = "1,2";
				TEST_TARGET_NAME = CSE335Lab1Part2;
			};
			name = Debug;
		};
		82C0E045297F83EC0068D694 /* Release */ = {
			isa = XCBuildConfiguration;
			buildSettings = {
				ALWAYS_EMBED_SWIFT_STANDARD_LIBRARIES = YES;
				CODE_SIGN_STYLE = Automatic;
				INFOPLIST_FILE = CSE335Lab1Part2UITests/Info.plist;
				LD_RUNPATH_SEARCH_PATHS = (
					"$(inherited)",
					"@executable_path/Frameworks",
					"@loader_path/Frameworks",
				);
				PRODUCT_BUNDLE_IDENTIFIER = "Arjun-Dadhwal-ID-1219733788.CSE335Lab1Part2UITests";
				PRODUCT_NAME = "$(TARGET_NAME)";
				SWIFT_VERSION = 5.0;
				TARGETED_DEVICE_FAMILY = "1,2";
				TEST_TARGET_NAME = CSE335Lab1Part2;
			};
			name = Release;
		};
/* End XCBuildConfiguration section */

/* Begin XCConfigurationList section */
		82C0E013297F83EB0068D694 /* Build configuration list for PBXProject "CSE335Lab1Part2" */ = {
			isa = XCConfigurationList;
			buildConfigurations = (
				82C0E03B297F83EC0068D694 /* Debug */,
				82C0E03C297F83EC0068D694 /* Release */,
			);
			defaultConfigurationIsVisible = 0;
			defaultConfigurationName = Release;
		};
		82C0E03D297F83EC0068D694 /* Build configuration list for PBXNativeTarget "CSE335Lab1Part2" */ = {
			isa = XCConfigurationList;
			buildConfigurations = (
				82C0E03E297F83EC0068D694 /* Debug */,
				82C0E03F297F83EC0068D694 /* Release */,
			);
			defaultConfigurationIsVisible = 0;
			defaultConfigurationName = Release;
		};
		82C0E040297F83EC0068D694 /* Build configuration list for PBXNativeTarget "CSE335Lab1Part2Tests" */ = {
			isa = XCConfigurationList;
			buildConfigurations = (
				82C0E041297F83EC0068D694 /* Debug */,
				82C0E042297F83EC0068D694 /* Release */,
			);
			defaultConfigurationIsVisible = 0;
			defaultConfigurationName = Release;
		};
		82C0E043297F83EC0068D694 /* Build configuration list for PBXNativeTarget "CSE335Lab1Part2UITests" */ = {
			isa = XCConfigurationList;
			buildConfigurations = (
				82C0E044297F83EC0068D694 /* Debug */,
				82C0E045297F83EC0068D694 /* Release */,
			);
			defaultConfigurationIsVisible = 0;
			defaultConfigurationName = Release;
		};
/* End XCConfigurationList section */
	};
	rootObject = 82C0E010297F83EB0068D694 /* Project object */;
}
